
Microsoft Visual Studio Solution File, Format Version 12.00
# Visual Studio 15
VisualStudioVersion = 15.0.28307.329
MinimumVisualStudioVersion = 10.0.40219.1
Project("{FAE04EC0-301F-11D3-BF4B-00C04F79EFBC}") = "MarksManagementSystem", "MarksManagementSystem\MarksManagementSystem.csproj", "{A3020CA2-AF69-466B-867F-A6B596A842CC}"
EndProject
Global
	GlobalSection(SolutionConfigurationPlatforms) = preSolution
		Debug|Any CPU = Debug|Any CPU
		Release|Any CPU = Release|Any CPU
	EndGlobalSection
	GlobalSection(ProjectConfigurationPlatforms) = postSolution
		{A3020CA2-AF69-466B-867F-A6B596A842CC}.Debug|Any CPU.ActiveCfg = Debug|Any CPU
		{A3020CA2-AF69-466B-867F-A6B596A842CC}.Debug|Any CPU.Build.0 = Debug|Any CPU
		{A3020CA2-AF69-466B-867F-A6B596A842CC}.Release|Any CPU.ActiveCfg = Release|Any CPU
		{A3020CA2-AF69-466B-867F-A6B596A842CC}.Release|Any CPU.Build.0 = Release|Any CPU
	EndGlobalSection
	GlobalSection(SolutionProperties) = preSolution
		HideSolutionNode = FALSE
	EndGlobalSection
	GlobalSection(ExtensibilityGlobals) = postSolution
		SolutionGuid = {7AA1C2DD-4E55-4D2D-ACD5-6752F4BF6BC4}
	EndGlobalSection
EndGlobal
